
Microsoft Visual Studio Solution File, Format Version 12.00
# Visual Studio 2015
Project("{FAE04EC0-301F-11D3-BF4B-00C04F79EFBC}") = "O poveste 2D", "O poveste 2D.csproj", "{B613402F-1CA8-D6EB-9104-BA2B3D08D1A9}"
EndProject
Project("{FAE04EC0-301F-11D3-BF4B-00C04F79EFBC}") = "O poveste 2D.Editor", "O poveste 2D.Editor.csproj", "{AF331C4B-493C-C3BF-5447-1347F1F9CEDA}"
EndProject
Global
	GlobalSection(SolutionConfigurationPlatforms) = preSolution
		Debug|Any CPU = Debug|Any CPU
		Release|Any CPU = Release|Any CPU
	EndGlobalSection
	GlobalSection(ProjectConfigurationPlatforms) = postSolution
		{B613402F-1CA8-D6EB-9104-BA2B3D08D1A9}.Debug|Any CPU.ActiveCfg = Debug|Any CPU
		{B613402F-1CA8-D6EB-9104-BA2B3D08D1A9}.Debug|Any CPU.Build.0 = Debug|Any CPU
		{B613402F-1CA8-D6EB-9104-BA2B3D08D1A9}.Release|Any CPU.ActiveCfg = Release|Any CPU
		{B613402F-1CA8-D6EB-9104-BA2B3D08D1A9}.Release|Any CPU.Build.0 = Release|Any CPU
		{AF331C4B-493C-C3BF-5447-1347F1F9CEDA}.Debug|Any CPU.ActiveCfg = Debug|Any CPU
		{AF331C4B-493C-C3BF-5447-1347F1F9CEDA}.Debug|Any CPU.Build.0 = Debug|Any CPU
		{AF331C4B-493C-C3BF-5447-1347F1F9CEDA}.Release|Any CPU.ActiveCfg = Release|Any CPU
		{AF331C4B-493C-C3BF-5447-1347F1F9CEDA}.Release|Any CPU.Build.0 = Release|Any CPU
	EndGlobalSection
	GlobalSection(SolutionProperties) = preSolution
		HideSolutionNode = FALSE
	EndGlobalSection
EndGlobal
